
Microsoft Visual Studio Solution File, Format Version 12.00
# Visual Studio Version 16
VisualStudioVersion = 16.0.29021.104
MinimumVisualStudioVersion = 10.0.40219.1
Project("{FAE04EC0-301F-11D3-BF4B-00C04F79EFBC}") = "Tetris", "Tetris\Tetris.csproj", "{FC2C2C75-7147-4ACD-95DA-136D67CD0438}"
EndProject
Global
	GlobalSection(SolutionConfigurationPlatforms) = preSolution
		Debug|Any CPU = Debug|Any CPU
		Release|Any CPU = Release|Any CPU
	EndGlobalSection
	GlobalSection(ProjectConfigurationPlatforms) = postSolution
		{FC2C2C75-7147-4ACD-95DA-136D67CD0438}.Debug|Any CPU.ActiveCfg = Debug|Any CPU
		{FC2C2C75-7147-4ACD-95DA-136D67CD0438}.Debug|Any CPU.Build.0 = Debug|Any CPU
		{FC2C2C75-7147-4ACD-95DA-136D67CD0438}.Release|Any CPU.ActiveCfg = Release|Any CPU
		{FC2C2C75-7147-4ACD-95DA-136D67CD0438}.Release|Any CPU.Build.0 = Release|Any CPU
	EndGlobalSection
	GlobalSection(SolutionProperties) = preSolution
		HideSolutionNode = FALSE
	EndGlobalSection
	GlobalSection(ExtensibilityGlobals) = postSolution
		SolutionGuid = {D95CF479-DC0F-42EB-BDD3-D22B17509C91}
	EndGlobalSection
EndGlobal
